
Microsoft Visual Studio Solution File, Format Version 12.00
# Visual Studio 15
VisualStudioVersion = 15.0.26730.16
MinimumVisualStudioVersion = 10.0.40219.1
Project("{FAE04EC0-301F-11D3-BF4B-00C04F79EFBC}") = "ContactManagement.API", "ContactManagementAPI\ContactManagement.API.csproj", "{08EE692E-B0C1-4090-B660-97458705947C}"
EndProject
Project("{FAE04EC0-301F-11D3-BF4B-00C04F79EFBC}") = "ContactManagement.DataAccess", "ContactManagementDAL\ContactManagement.DataAccess.csproj", "{D33EA813-D130-4660-B9E9-E03F071E1967}"
EndProject
Project("{FAE04EC0-301F-11D3-BF4B-00C04F79EFBC}") = "ContactManagement.Connector", "ContactManagementEntities\ContactManagement.Connector.csproj", "{2E95475B-5956-441F-804F-BA31AC124D89}"
EndProject
Project("{FAE04EC0-301F-11D3-BF4B-00C04F79EFBC}") = "ContactManagement.UI", "ContactManagement.UI\ContactManagement.UI.csproj", "{D7777EE8-5C21-4FB2-B1A3-305F1AF8934D}"
EndProject
Global
	GlobalSection(SolutionConfigurationPlatforms) = preSolution
		Debug|Any CPU = Debug|Any CPU
		Release|Any CPU = Release|Any CPU
	EndGlobalSection
	GlobalSection(ProjectConfigurationPlatforms) = postSolution
		{08EE692E-B0C1-4090-B660-97458705947C}.Debug|Any CPU.ActiveCfg = Debug|Any CPU
		{08EE692E-B0C1-4090-B660-97458705947C}.Debug|Any CPU.Build.0 = Debug|Any CPU
		{08EE692E-B0C1-4090-B660-97458705947C}.Release|Any CPU.ActiveCfg = Release|Any CPU
		{08EE692E-B0C1-4090-B660-97458705947C}.Release|Any CPU.Build.0 = Release|Any CPU
		{D33EA813-D130-4660-B9E9-E03F071E1967}.Debug|Any CPU.ActiveCfg = Debug|Any CPU
		{D33EA813-D130-4660-B9E9-E03F071E1967}.Debug|Any CPU.Build.0 = Debug|Any CPU
		{D33EA813-D130-4660-B9E9-E03F071E1967}.Release|Any CPU.ActiveCfg = Release|Any CPU
		{D33EA813-D130-4660-B9E9-E03F071E1967}.Release|Any CPU.Build.0 = Release|Any CPU
		{2E95475B-5956-441F-804F-BA31AC124D89}.Debug|Any CPU.ActiveCfg = Debug|Any CPU
		{2E95475B-5956-441F-804F-BA31AC124D89}.Debug|Any CPU.Build.0 = Debug|Any CPU
		{2E95475B-5956-441F-804F-BA31AC124D89}.Release|Any CPU.ActiveCfg = Release|Any CPU
		{2E95475B-5956-441F-804F-BA31AC124D89}.Release|Any CPU.Build.0 = Release|Any CPU
		{D7777EE8-5C21-4FB2-B1A3-305F1AF8934D}.Debug|Any CPU.ActiveCfg = Debug|Any CPU
		{D7777EE8-5C21-4FB2-B1A3-305F1AF8934D}.Debug|Any CPU.Build.0 = Debug|Any CPU
		{D7777EE8-5C21-4FB2-B1A3-305F1AF8934D}.Release|Any CPU.ActiveCfg = Release|Any CPU
		{D7777EE8-5C21-4FB2-B1A3-305F1AF8934D}.Release|Any CPU.Build.0 = Release|Any CPU
	EndGlobalSection
	GlobalSection(SolutionProperties) = preSolution
		HideSolutionNode = FALSE
	EndGlobalSection
	GlobalSection(ExtensibilityGlobals) = postSolution
		SolutionGuid = {89C14945-9112-419E-BBA0-AA0D5629B96F}
	EndGlobalSection
EndGlobal
